
Microsoft Visual Studio Solution File, Format Version 12.00
# Visual Studio Version 17
VisualStudioVersion = 17.0.31903.59
MinimumVisualStudioVersion = 10.0.40219.1
Project("{2150E333-8FDC-42A3-9474-1A3956D46DE8}") = "01.FirstSteps", "01.FirstSteps", "{572D0EE9-4D44-4F49-82F3-4B03C11EC5C0}"
EndProject
Project("{FAE04EC0-301F-11D3-BF4B-00C04F79EFBC}") = "01.HelloWorld", "01.FirstSteps\01.HelloWorld\01.HelloWorld.csproj", "{CE4D30B0-7367-4442-80D6-8A945587E1D9}"
EndProject
Project("{FAE04EC0-301F-11D3-BF4B-00C04F79EFBC}") = "02.Variables", "01.FirstSteps\02.Variables\02.Variables.csproj", "{3BBD2940-3933-4056-B80F-55599A56B6D7}"
EndProject
Project("{2150E333-8FDC-42A3-9474-1A3956D46DE8}") = "07.API", "07.API", "{CF6F57DD-AEAF-4982-8BEC-98E0F0F2E08F}"
EndProject
Project("{FAE04EC0-301F-11D3-BF4B-00C04F79EFBC}") = "01.Music", "07.API\01.Music\01.Music.csproj", "{98AB2AC6-70F6-4909-B60D-8F60E7CB7FB7}"
EndProject
Project("{FAE04EC0-301F-11D3-BF4B-00C04F79EFBC}") = "02.JsonFile", "07.API\02.JsonFile\02.JsonFile.csproj", "{36F36736-1B38-419B-843D-54B4B182000D}"
EndProject
Project("{FAE04EC0-301F-11D3-BF4B-00C04F79EFBC}") = "03.Conditions", "01.FirstSteps\03.Conditions\03.Conditions.csproj", "{CA05DD8A-B575-47AA-BFE2-1D0C9F35C48D}"
EndProject
Project("{FAE04EC0-301F-11D3-BF4B-00C04F79EFBC}") = "04.Loop", "01.FirstSteps\04.Loop\04.Loop.csproj", "{C7686B1C-B4B8-41EE-8A0E-07748E04406C}"
EndProject
Project("{2150E333-8FDC-42A3-9474-1A3956D46DE8}") = "02.Object_Oriented", "02.Object_Oriented", "{5EF04D62-EF43-4C52-9E00-B05283826168}"
EndProject
Project("{FAE04EC0-301F-11D3-BF4B-00C04F79EFBC}") = "01.Market", "02.Object_Oriented\01.Market\01.Market.csproj", "{6810F2A8-ED50-4B9A-87D8-43442C6611F5}"
EndProject
Project("{FAE04EC0-301F-11D3-BF4B-00C04F79EFBC}") = "02.FastFood", "02.Object_Oriented\02.FastFood\02.FastFood.csproj", "{53D7F067-2597-4607-8A49-447882C4EFAA}"
EndProject
Project("{FAE04EC0-301F-11D3-BF4B-00C04F79EFBC}") = "03.Bank", "02.Object_Oriented\03.Bank\03.Bank.csproj", "{47E7092D-733D-404B-A92E-5CE3F0A0161D}"
EndProject
Project("{2150E333-8FDC-42A3-9474-1A3956D46DE8}") = "03.Inheritance_and_Interface", "03.Inheritance_and_Interface", "{637326D9-492E-4148-97FD-D19F7D761ED9}"
EndProject
Project("{FAE04EC0-301F-11D3-BF4B-00C04F79EFBC}") = "01.Operation", "03.Inheritance_and_Interface\01.Operation\01.Operation.csproj", "{984162FF-F0CA-4E2C-BD73-CBECCD011B15}"
EndProject
Project("{FAE04EC0-301F-11D3-BF4B-00C04F79EFBC}") = "02.Bank-2.0", "03.Inheritance_and_Interface\02.Bank-2.0\02.Bank-2.0.csproj", "{075D4617-7E14-447B-8FF5-057659EC30BF}"
EndProject
Project("{FAE04EC0-301F-11D3-BF4B-00C04F79EFBC}") = "03.Bank-3.0", "03.Inheritance_and_Interface\03.Bank-3.0\03.Bank-3.0.csproj", "{80FE4B3B-8418-45B3-ACB6-11D81EC1D99E}"
EndProject
Project("{2150E333-8FDC-42A3-9474-1A3956D46DE8}") = "04.Exceptions", "04.Exceptions", "{A944C9C4-D581-4C29-9469-479B5B48C2B0}"
EndProject
Project("{FAE04EC0-301F-11D3-BF4B-00C04F79EFBC}") = "01.Implementing_Exception", "04.Exceptions\01.Implementing_Exception\01.Implementing_Exception.csproj", "{28A4BCD1-8270-41B3-B754-A3AEB2A709DA}"
EndProject
Project("{2150E333-8FDC-42A3-9474-1A3956D46DE8}") = "05.Arrays", "05.Arrays", "{3E024EDB-38A1-488F-9343-B9F7BA75BCCE}"
EndProject
Project("{FAE04EC0-301F-11D3-BF4B-00C04F79EFBC}") = "01.Array_size", "05.Arrays\01.Array_size\01.Array_size.csproj", "{7AC90EB0-472F-4E34-8B8C-F9BD22980F01}"
EndProject
Project("{FAE04EC0-301F-11D3-BF4B-00C04F79EFBC}") = "02.Search_word", "05.Arrays\02.Search_word\02.Search_word.csproj", "{1694227D-11C6-4A4E-A7FA-F34C6FECE6CC}"
EndProject
Project("{FAE04EC0-301F-11D3-BF4B-00C04F79EFBC}") = "03.Median", "05.Arrays\03.Median\03.Median.csproj", "{78D06468-A56D-4F23-9039-7011B5E55FE8}"
EndProject
Project("{FAE04EC0-301F-11D3-BF4B-00C04F79EFBC}") = "04.Equal_Number", "05.Arrays\04.Equal_Number\04.Equal_Number.csproj", "{B01DF304-5CB4-42F6-906D-F58C331F50AF}"
EndProject
Project("{FAE04EC0-301F-11D3-BF4B-00C04F79EFBC}") = "05.Account_list", "05.Arrays\05.Account_list\05.Account_list.csproj", "{528BFCDE-C467-4D40-9AE5-30EA8D8E88DA}"
EndProject
Project("{2150E333-8FDC-42A3-9474-1A3956D46DE8}") = "06.Files", "06.Files", "{5B7843D1-333E-464D-B51F-5B2261B97B3F}"
EndProject
Project("{FAE04EC0-301F-11D3-BF4B-00C04F79EFBC}") = "01.File_to_class", "06.Files\01.File_to_class\01.File_to_class.csproj", "{E12E7B3E-337E-46E0-BC7A-E30AAD074841}"
EndProject
Project("{FAE04EC0-301F-11D3-BF4B-00C04F79EFBC}") = "02.Creating_file", "06.Files\02.Creating_file\02.Creating_file.csproj", "{CD8804D7-C876-4F6F-8886-A2F91847ADE8}"
EndProject
Project("{FAE04EC0-301F-11D3-BF4B-00C04F79EFBC}") = "03.Binary", "06.Files\03.Binary\03.Binary.csproj", "{27D541C9-F950-4EF0-80D8-27657A203441}"
EndProject
Project("{FAE04EC0-301F-11D3-BF4B-00C04F79EFBC}") = "04.Console_input", "06.Files\04.Console_input\04.Console_input.csproj", "{96D9C929-AA05-41DD-A565-C3CEAA1AF556}"
EndProject
Project("{FAE04EC0-301F-11D3-BF4B-00C04F79EFBC}") = "05.Account", "06.Files\05.Account\05.Account.csproj", "{A730CA87-8A43-4E90-85E5-A6B96CFB0D7D}"
EndProject
Global
	GlobalSection(SolutionConfigurationPlatforms) = preSolution
		Debug|Any CPU = Debug|Any CPU
		Release|Any CPU = Release|Any CPU
	EndGlobalSection
	GlobalSection(SolutionProperties) = preSolution
		HideSolutionNode = FALSE
	EndGlobalSection
	GlobalSection(ProjectConfigurationPlatforms) = postSolution
		{CE4D30B0-7367-4442-80D6-8A945587E1D9}.Debug|Any CPU.ActiveCfg = Debug|Any CPU
		{CE4D30B0-7367-4442-80D6-8A945587E1D9}.Debug|Any CPU.Build.0 = Debug|Any CPU
		{CE4D30B0-7367-4442-80D6-8A945587E1D9}.Release|Any CPU.ActiveCfg = Release|Any CPU
		{CE4D30B0-7367-4442-80D6-8A945587E1D9}.Release|Any CPU.Build.0 = Release|Any CPU
		{3BBD2940-3933-4056-B80F-55599A56B6D7}.Debug|Any CPU.ActiveCfg = Debug|Any CPU
		{3BBD2940-3933-4056-B80F-55599A56B6D7}.Debug|Any CPU.Build.0 = Debug|Any CPU
		{3BBD2940-3933-4056-B80F-55599A56B6D7}.Release|Any CPU.ActiveCfg = Release|Any CPU
		{3BBD2940-3933-4056-B80F-55599A56B6D7}.Release|Any CPU.Build.0 = Release|Any CPU
		{98AB2AC6-70F6-4909-B60D-8F60E7CB7FB7}.Debug|Any CPU.ActiveCfg = Debug|Any CPU
		{98AB2AC6-70F6-4909-B60D-8F60E7CB7FB7}.Debug|Any CPU.Build.0 = Debug|Any CPU
		{98AB2AC6-70F6-4909-B60D-8F60E7CB7FB7}.Release|Any CPU.ActiveCfg = Release|Any CPU
		{98AB2AC6-70F6-4909-B60D-8F60E7CB7FB7}.Release|Any CPU.Build.0 = Release|Any CPU
		{36F36736-1B38-419B-843D-54B4B182000D}.Debug|Any CPU.ActiveCfg = Debug|Any CPU
		{36F36736-1B38-419B-843D-54B4B182000D}.Debug|Any CPU.Build.0 = Debug|Any CPU
		{36F36736-1B38-419B-843D-54B4B182000D}.Release|Any CPU.ActiveCfg = Release|Any CPU
		{36F36736-1B38-419B-843D-54B4B182000D}.Release|Any CPU.Build.0 = Release|Any CPU
		{CA05DD8A-B575-47AA-BFE2-1D0C9F35C48D}.Debug|Any CPU.ActiveCfg = Debug|Any CPU
		{CA05DD8A-B575-47AA-BFE2-1D0C9F35C48D}.Debug|Any CPU.Build.0 = Debug|Any CPU
		{CA05DD8A-B575-47AA-BFE2-1D0C9F35C48D}.Release|Any CPU.ActiveCfg = Release|Any CPU
		{CA05DD8A-B575-47AA-BFE2-1D0C9F35C48D}.Release|Any CPU.Build.0 = Release|Any CPU
		{C7686B1C-B4B8-41EE-8A0E-07748E04406C}.Debug|Any CPU.ActiveCfg = Debug|Any CPU
		{C7686B1C-B4B8-41EE-8A0E-07748E04406C}.Debug|Any CPU.Build.0 = Debug|Any CPU
		{C7686B1C-B4B8-41EE-8A0E-07748E04406C}.Release|Any CPU.ActiveCfg = Release|Any CPU
		{C7686B1C-B4B8-41EE-8A0E-07748E04406C}.Release|Any CPU.Build.0 = Release|Any CPU
		{6810F2A8-ED50-4B9A-87D8-43442C6611F5}.Debug|Any CPU.ActiveCfg = Debug|Any CPU
		{6810F2A8-ED50-4B9A-87D8-43442C6611F5}.Debug|Any CPU.Build.0 = Debug|Any CPU
		{6810F2A8-ED50-4B9A-87D8-43442C6611F5}.Release|Any CPU.ActiveCfg = Release|Any CPU
		{6810F2A8-ED50-4B9A-87D8-43442C6611F5}.Release|Any CPU.Build.0 = Release|Any CPU
		{53D7F067-2597-4607-8A49-447882C4EFAA}.Debug|Any CPU.ActiveCfg = Debug|Any CPU
		{53D7F067-2597-4607-8A49-447882C4EFAA}.Debug|Any CPU.Build.0 = Debug|Any CPU
		{53D7F067-2597-4607-8A49-447882C4EFAA}.Release|Any CPU.ActiveCfg = Release|Any CPU
		{53D7F067-2597-4607-8A49-447882C4EFAA}.Release|Any CPU.Build.0 = Release|Any CPU
		{47E7092D-733D-404B-A92E-5CE3F0A0161D}.Debug|Any CPU.ActiveCfg = Debug|Any CPU
		{47E7092D-733D-404B-A92E-5CE3F0A0161D}.Debug|Any CPU.Build.0 = Debug|Any CPU
		{47E7092D-733D-404B-A92E-5CE3F0A0161D}.Release|Any CPU.ActiveCfg = Release|Any CPU
		{47E7092D-733D-404B-A92E-5CE3F0A0161D}.Release|Any CPU.Build.0 = Release|Any CPU
		{984162FF-F0CA-4E2C-BD73-CBECCD011B15}.Debug|Any CPU.ActiveCfg = Debug|Any CPU
		{984162FF-F0CA-4E2C-BD73-CBECCD011B15}.Debug|Any CPU.Build.0 = Debug|Any CPU
		{984162FF-F0CA-4E2C-BD73-CBECCD011B15}.Release|Any CPU.ActiveCfg = Release|Any CPU
		{984162FF-F0CA-4E2C-BD73-CBECCD011B15}.Release|Any CPU.Build.0 = Release|Any CPU
		{075D4617-7E14-447B-8FF5-057659EC30BF}.Debug|Any CPU.ActiveCfg = Debug|Any CPU
		{075D4617-7E14-447B-8FF5-057659EC30BF}.Debug|Any CPU.Build.0 = Debug|Any CPU
		{075D4617-7E14-447B-8FF5-057659EC30BF}.Release|Any CPU.ActiveCfg = Release|Any CPU
		{075D4617-7E14-447B-8FF5-057659EC30BF}.Release|Any CPU.Build.0 = Release|Any CPU
		{80FE4B3B-8418-45B3-ACB6-11D81EC1D99E}.Debug|Any CPU.ActiveCfg = Debug|Any CPU
		{80FE4B3B-8418-45B3-ACB6-11D81EC1D99E}.Debug|Any CPU.Build.0 = Debug|Any CPU
		{80FE4B3B-8418-45B3-ACB6-11D81EC1D99E}.Release|Any CPU.ActiveCfg = Release|Any CPU
		{80FE4B3B-8418-45B3-ACB6-11D81EC1D99E}.Release|Any CPU.Build.0 = Release|Any CPU
		{28A4BCD1-8270-41B3-B754-A3AEB2A709DA}.Debug|Any CPU.ActiveCfg = Debug|Any CPU
		{28A4BCD1-8270-41B3-B754-A3AEB2A709DA}.Debug|Any CPU.Build.0 = Debug|Any CPU
		{28A4BCD1-8270-41B3-B754-A3AEB2A709DA}.Release|Any CPU.ActiveCfg = Release|Any CPU
		{28A4BCD1-8270-41B3-B754-A3AEB2A709DA}.Release|Any CPU.Build.0 = Release|Any CPU
		{7AC90EB0-472F-4E34-8B8C-F9BD22980F01}.Debug|Any CPU.ActiveCfg = Debug|Any CPU
		{7AC90EB0-472F-4E34-8B8C-F9BD22980F01}.Debug|Any CPU.Build.0 = Debug|Any CPU
		{7AC90EB0-472F-4E34-8B8C-F9BD22980F01}.Release|Any CPU.ActiveCfg = Release|Any CPU
		{7AC90EB0-472F-4E34-8B8C-F9BD22980F01}.Release|Any CPU.Build.0 = Release|Any CPU
		{1694227D-11C6-4A4E-A7FA-F34C6FECE6CC}.Debug|Any CPU.ActiveCfg = Debug|Any CPU
		{1694227D-11C6-4A4E-A7FA-F34C6FECE6CC}.Debug|Any CPU.Build.0 = Debug|Any CPU
		{1694227D-11C6-4A4E-A7FA-F34C6FECE6CC}.Release|Any CPU.ActiveCfg = Release|Any CPU
		{1694227D-11C6-4A4E-A7FA-F34C6FECE6CC}.Release|Any CPU.Build.0 = Release|Any CPU
		{78D06468-A56D-4F23-9039-7011B5E55FE8}.Debug|Any CPU.ActiveCfg = Debug|Any CPU
		{78D06468-A56D-4F23-9039-7011B5E55FE8}.Debug|Any CPU.Build.0 = Debug|Any CPU
		{78D06468-A56D-4F23-9039-7011B5E55FE8}.Release|Any CPU.ActiveCfg = Release|Any CPU
		{78D06468-A56D-4F23-9039-7011B5E55FE8}.Release|Any CPU.Build.0 = Release|Any CPU
		{B01DF304-5CB4-42F6-906D-F58C331F50AF}.Debug|Any CPU.ActiveCfg = Debug|Any CPU
		{B01DF304-5CB4-42F6-906D-F58C331F50AF}.Debug|Any CPU.Build.0 = Debug|Any CPU
		{B01DF304-5CB4-42F6-906D-F58C331F50AF}.Release|Any CPU.ActiveCfg = Release|Any CPU
		{B01DF304-5CB4-42F6-906D-F58C331F50AF}.Release|Any CPU.Build.0 = Release|Any CPU
		{528BFCDE-C467-4D40-9AE5-30EA8D8E88DA}.Debug|Any CPU.ActiveCfg = Debug|Any CPU
		{528BFCDE-C467-4D40-9AE5-30EA8D8E88DA}.Debug|Any CPU.Build.0 = Debug|Any CPU
		{528BFCDE-C467-4D40-9AE5-30EA8D8E88DA}.Release|Any CPU.ActiveCfg = Release|Any CPU
		{528BFCDE-C467-4D40-9AE5-30EA8D8E88DA}.Release|Any CPU.Build.0 = Release|Any CPU
		{E12E7B3E-337E-46E0-BC7A-E30AAD074841}.Debug|Any CPU.ActiveCfg = Debug|Any CPU
		{E12E7B3E-337E-46E0-BC7A-E30AAD074841}.Debug|Any CPU.Build.0 = Debug|Any CPU
		{E12E7B3E-337E-46E0-BC7A-E30AAD074841}.Release|Any CPU.ActiveCfg = Release|Any CPU
		{E12E7B3E-337E-46E0-BC7A-E30AAD074841}.Release|Any CPU.Build.0 = Release|Any CPU
		{CD8804D7-C876-4F6F-8886-A2F91847ADE8}.Debug|Any CPU.ActiveCfg = Debug|Any CPU
		{CD8804D7-C876-4F6F-8886-A2F91847ADE8}.Debug|Any CPU.Build.0 = Debug|Any CPU
		{CD8804D7-C876-4F6F-8886-A2F91847ADE8}.Release|Any CPU.ActiveCfg = Release|Any CPU
		{CD8804D7-C876-4F6F-8886-A2F91847ADE8}.Release|Any CPU.Build.0 = Release|Any CPU
		{27D541C9-F950-4EF0-80D8-27657A203441}.Debug|Any CPU.ActiveCfg = Debug|Any CPU
		{27D541C9-F950-4EF0-80D8-27657A203441}.Debug|Any CPU.Build.0 = Debug|Any CPU
		{27D541C9-F950-4EF0-80D8-27657A203441}.Release|Any CPU.ActiveCfg = Release|Any CPU
		{27D541C9-F950-4EF0-80D8-27657A203441}.Release|Any CPU.Build.0 = Release|Any CPU
		{96D9C929-AA05-41DD-A565-C3CEAA1AF556}.Debug|Any CPU.ActiveCfg = Debug|Any CPU
		{96D9C929-AA05-41DD-A565-C3CEAA1AF556}.Debug|Any CPU.Build.0 = Debug|Any CPU
		{96D9C929-AA05-41DD-A565-C3CEAA1AF556}.Release|Any CPU.ActiveCfg = Release|Any CPU
		{96D9C929-AA05-41DD-A565-C3CEAA1AF556}.Release|Any CPU.Build.0 = Release|Any CPU
		{A730CA87-8A43-4E90-85E5-A6B96CFB0D7D}.Debug|Any CPU.ActiveCfg = Debug|Any CPU
		{A730CA87-8A43-4E90-85E5-A6B96CFB0D7D}.Debug|Any CPU.Build.0 = Debug|Any CPU
		{A730CA87-8A43-4E90-85E5-A6B96CFB0D7D}.Release|Any CPU.ActiveCfg = Release|Any CPU
		{A730CA87-8A43-4E90-85E5-A6B96CFB0D7D}.Release|Any CPU.Build.0 = Release|Any CPU
	EndGlobalSection
	GlobalSection(NestedProjects) = preSolution
		{CE4D30B0-7367-4442-80D6-8A945587E1D9} = {572D0EE9-4D44-4F49-82F3-4B03C11EC5C0}
		{3BBD2940-3933-4056-B80F-55599A56B6D7} = {572D0EE9-4D44-4F49-82F3-4B03C11EC5C0}
		{98AB2AC6-70F6-4909-B60D-8F60E7CB7FB7} = {CF6F57DD-AEAF-4982-8BEC-98E0F0F2E08F}
		{36F36736-1B38-419B-843D-54B4B182000D} = {CF6F57DD-AEAF-4982-8BEC-98E0F0F2E08F}
		{CA05DD8A-B575-47AA-BFE2-1D0C9F35C48D} = {572D0EE9-4D44-4F49-82F3-4B03C11EC5C0}
		{C7686B1C-B4B8-41EE-8A0E-07748E04406C} = {572D0EE9-4D44-4F49-82F3-4B03C11EC5C0}
		{6810F2A8-ED50-4B9A-87D8-43442C6611F5} = {5EF04D62-EF43-4C52-9E00-B05283826168}
		{53D7F067-2597-4607-8A49-447882C4EFAA} = {5EF04D62-EF43-4C52-9E00-B05283826168}
		{47E7092D-733D-404B-A92E-5CE3F0A0161D} = {5EF04D62-EF43-4C52-9E00-B05283826168}
		{984162FF-F0CA-4E2C-BD73-CBECCD011B15} = {637326D9-492E-4148-97FD-D19F7D761ED9}
		{075D4617-7E14-447B-8FF5-057659EC30BF} = {637326D9-492E-4148-97FD-D19F7D761ED9}
		{80FE4B3B-8418-45B3-ACB6-11D81EC1D99E} = {637326D9-492E-4148-97FD-D19F7D761ED9}
		{28A4BCD1-8270-41B3-B754-A3AEB2A709DA} = {A944C9C4-D581-4C29-9469-479B5B48C2B0}
		{7AC90EB0-472F-4E34-8B8C-F9BD22980F01} = {3E024EDB-38A1-488F-9343-B9F7BA75BCCE}
		{1694227D-11C6-4A4E-A7FA-F34C6FECE6CC} = {3E024EDB-38A1-488F-9343-B9F7BA75BCCE}
		{78D06468-A56D-4F23-9039-7011B5E55FE8} = {3E024EDB-38A1-488F-9343-B9F7BA75BCCE}
		{B01DF304-5CB4-42F6-906D-F58C331F50AF} = {3E024EDB-38A1-488F-9343-B9F7BA75BCCE}
		{528BFCDE-C467-4D40-9AE5-30EA8D8E88DA} = {3E024EDB-38A1-488F-9343-B9F7BA75BCCE}
		{E12E7B3E-337E-46E0-BC7A-E30AAD074841} = {5B7843D1-333E-464D-B51F-5B2261B97B3F}
		{CD8804D7-C876-4F6F-8886-A2F91847ADE8} = {5B7843D1-333E-464D-B51F-5B2261B97B3F}
		{27D541C9-F950-4EF0-80D8-27657A203441} = {5B7843D1-333E-464D-B51F-5B2261B97B3F}
		{96D9C929-AA05-41DD-A565-C3CEAA1AF556} = {5B7843D1-333E-464D-B51F-5B2261B97B3F}
		{A730CA87-8A43-4E90-85E5-A6B96CFB0D7D} = {5B7843D1-333E-464D-B51F-5B2261B97B3F}
	EndGlobalSection
EndGlobal
