
Microsoft Visual Studio Solution File, Format Version 12.00
# Visual Studio Version 17
VisualStudioVersion = 17.0.31903.59
MinimumVisualStudioVersion = 10.0.40219.1
Project("{2150E333-8FDC-42A3-9474-1A3956D46DE8}") = "01. First Steps", "01. First Steps", "{57EB4B55-734B-4044-9C6A-A40563387B22}"
EndProject
Project("{FAE04EC0-301F-11D3-BF4B-00C04F79EFBC}") = "Exemplo01", "01. First Steps\01. HelloWorld\Exemplo01.csproj", "{6BCD1A92-90F5-45A5-8F42-CC8C1E6F18CA}"
EndProject
Project("{FAE04EC0-301F-11D3-BF4B-00C04F79EFBC}") = "Variaveis", "01. First Steps\02. Variables\Variaveis.csproj", "{7C62AD3C-1990-46AD-87D8-58175B4D068A}"
EndProject
Project("{FAE04EC0-301F-11D3-BF4B-00C04F79EFBC}") = "Condições", "01. First Steps\03. Conditions\Condições.csproj", "{F62C90F5-2A13-4BEE-A3B2-26DF9864362A}"
EndProject
Project("{FAE04EC0-301F-11D3-BF4B-00C04F79EFBC}") = "Fatorial", "01. First Steps\04. Loop\Fatorial.csproj", "{70CCD5CC-1F12-4B19-8A9D-5ADD76CCF7BC}"
EndProject
Project("{2150E333-8FDC-42A3-9474-1A3956D46DE8}") = "02. Object Oriented", "02. Object Oriented", "{24403F84-45F5-4C25-9FED-4077760E233D}"
EndProject
Project("{FAE04EC0-301F-11D3-BF4B-00C04F79EFBC}") = "01. Mercado", "02. Object Oriented\01. Market\01. Mercado.csproj", "{ECCDC25E-C4AB-4F70-9B2C-AEB3F578335A}"
EndProject
Project("{FAE04EC0-301F-11D3-BF4B-00C04F79EFBC}") = "02. FastFood", "02. Object Oriented\02. FastFood\02. FastFood.csproj", "{372C4062-E4DF-416E-B5CD-44C62D7B6302}"
EndProject
Project("{FAE04EC0-301F-11D3-BF4B-00C04F79EFBC}") = "03. Banco", "02. Object Oriented\03. Bank\03. Banco.csproj", "{01729422-FD80-4366-9A17-3327CC494AF0}"
EndProject
Project("{2150E333-8FDC-42A3-9474-1A3956D46DE8}") = "03. Inheritance and Interface", "03. Inheritance and Interface", "{7DBB6E4F-626F-417B-AE08-609BB8D85671}"
EndProject
Project("{FAE04EC0-301F-11D3-BF4B-00C04F79EFBC}") = "01. Operações", "03. Inheritance and Interface\01. Operation\01. Operações.csproj", "{ED97D46D-8474-4678-8FE3-08D06851DD0D}"
EndProject
Project("{FAE04EC0-301F-11D3-BF4B-00C04F79EFBC}") = "02. Banco", "03. Inheritance and Interface\02. Bank 2.0\02. Banco.csproj", "{1926825A-8370-41B2-9944-08F664DE8C76}"
EndProject
Project("{FAE04EC0-301F-11D3-BF4B-00C04F79EFBC}") = "03. Banco", "03. Inheritance and Interface\03. Bank 3.0\03. Banco.csproj", "{7A112B02-898D-44B3-ADEB-D602AF9DBE6B}"
EndProject
Project("{2150E333-8FDC-42A3-9474-1A3956D46DE8}") = "04. Exceptions", "04. Exceptions", "{8E091E3E-349C-4BAE-8773-6106FF2D996E}"
EndProject
Project("{FAE04EC0-301F-11D3-BF4B-00C04F79EFBC}") = "01. Implementando Exeção", "04. Exceptions\01. Implementing Exception\01. Implementando Exeção.csproj", "{D719557B-6353-41DA-AEDA-A979BB564808}"
EndProject
Project("{2150E333-8FDC-42A3-9474-1A3956D46DE8}") = "05. Arrays", "05. Arrays", "{2E4F00F0-7A52-4ABD-9BBE-6668B846766A}"
EndProject
Project("{FAE04EC0-301F-11D3-BF4B-00C04F79EFBC}") = "1. Tamanho Array", "05. Arrays\01. Array Size\1. Tamanho Array.csproj", "{9CD02634-3910-4928-B558-91B2CEAA104F}"
EndProject
Project("{FAE04EC0-301F-11D3-BF4B-00C04F79EFBC}") = "02. Buscar Palavra", "05. Arrays\02. Search Word\02. Buscar Palavra.csproj", "{D18607F9-1515-4941-803C-4CE0DC3ADBA6}"
EndProject
Project("{FAE04EC0-301F-11D3-BF4B-00C04F79EFBC}") = "03. Mediana", "05. Arrays\03. Median\03. Mediana.csproj", "{11FAC349-E449-47B6-BEC6-91E2ED14C829}"
EndProject
Project("{FAE04EC0-301F-11D3-BF4B-00C04F79EFBC}") = "04. Numeros Iguais", "05. Arrays\04. Equal Number\04. Numeros Iguais.csproj", "{8FA4C687-E25C-4F06-8452-62995C197D3C}"
EndProject
Project("{FAE04EC0-301F-11D3-BF4B-00C04F79EFBC}") = "05. Lista de Contas", "05. Arrays\05. Account List\05. Lista de Contas.csproj", "{2F191CBD-3839-423E-AC87-D895B829FD7F}"
EndProject
Project("{2150E333-8FDC-42A3-9474-1A3956D46DE8}") = "06. Files", "06. Files", "{4DFA7602-DC6C-4E26-BB3A-EDCF4F46A0B6}"
EndProject
Project("{FAE04EC0-301F-11D3-BF4B-00C04F79EFBC}") = "01. Arquivo para classe", "06. Files\01. File to class\01. Arquivo para classe.csproj", "{01326525-971E-42FE-A4A9-DC7FE570B3AE}"
EndProject
Project("{FAE04EC0-301F-11D3-BF4B-00C04F79EFBC}") = "02. Criando Arquivo", "06. Files\02. Creating File\02. Criando Arquivo.csproj", "{B32D8C7C-B7F1-4F4C-85CD-8B18960814B2}"
EndProject
Project("{FAE04EC0-301F-11D3-BF4B-00C04F79EFBC}") = "03. Binario", "06. Files\03. Binary\03. Binario.csproj", "{AAECE722-0313-4E63-BA68-84475583CB8D}"
EndProject
Project("{FAE04EC0-301F-11D3-BF4B-00C04F79EFBC}") = "04. Console Input", "06. Files\04. Console input\04. Console Input.csproj", "{FF69C43C-E7BB-47F5-BB47-55F3D09A8CFE}"
EndProject
Project("{FAE04EC0-301F-11D3-BF4B-00C04F79EFBC}") = "05. Conta", "06. Files\05. Account\05. Conta.csproj", "{297F8A2F-EE81-49BD-B6EA-66364915E98C}"
EndProject
Project("{2150E333-8FDC-42A3-9474-1A3956D46DE8}") = "07. API", "07. API", "{39AA3894-50D8-4AA3-B70F-462DFEC17724}"
EndProject
Project("{FAE04EC0-301F-11D3-BF4B-00C04F79EFBC}") = "Exempo 01", "07. API\01. Music\Exempo 01.csproj", "{8A5D2BD9-8F72-4D52-B727-BF45E10D4CDC}"
EndProject
Project("{FAE04EC0-301F-11D3-BF4B-00C04F79EFBC}") = "Exempo 01", "07. API\02. JsonFile\Exempo 01.csproj", "{8FA56B60-8D5B-45A2-BD32-A1CBF13617F2}"
EndProject
Global
	GlobalSection(SolutionConfigurationPlatforms) = preSolution
		Debug|Any CPU = Debug|Any CPU
		Release|Any CPU = Release|Any CPU
	EndGlobalSection
	GlobalSection(SolutionProperties) = preSolution
		HideSolutionNode = FALSE
	EndGlobalSection
	GlobalSection(ProjectConfigurationPlatforms) = postSolution
		{6BCD1A92-90F5-45A5-8F42-CC8C1E6F18CA}.Debug|Any CPU.ActiveCfg = Debug|Any CPU
		{6BCD1A92-90F5-45A5-8F42-CC8C1E6F18CA}.Debug|Any CPU.Build.0 = Debug|Any CPU
		{6BCD1A92-90F5-45A5-8F42-CC8C1E6F18CA}.Release|Any CPU.ActiveCfg = Release|Any CPU
		{6BCD1A92-90F5-45A5-8F42-CC8C1E6F18CA}.Release|Any CPU.Build.0 = Release|Any CPU
		{7C62AD3C-1990-46AD-87D8-58175B4D068A}.Debug|Any CPU.ActiveCfg = Debug|Any CPU
		{7C62AD3C-1990-46AD-87D8-58175B4D068A}.Debug|Any CPU.Build.0 = Debug|Any CPU
		{7C62AD3C-1990-46AD-87D8-58175B4D068A}.Release|Any CPU.ActiveCfg = Release|Any CPU
		{7C62AD3C-1990-46AD-87D8-58175B4D068A}.Release|Any CPU.Build.0 = Release|Any CPU
		{F62C90F5-2A13-4BEE-A3B2-26DF9864362A}.Debug|Any CPU.ActiveCfg = Debug|Any CPU
		{F62C90F5-2A13-4BEE-A3B2-26DF9864362A}.Debug|Any CPU.Build.0 = Debug|Any CPU
		{F62C90F5-2A13-4BEE-A3B2-26DF9864362A}.Release|Any CPU.ActiveCfg = Release|Any CPU
		{F62C90F5-2A13-4BEE-A3B2-26DF9864362A}.Release|Any CPU.Build.0 = Release|Any CPU
		{70CCD5CC-1F12-4B19-8A9D-5ADD76CCF7BC}.Debug|Any CPU.ActiveCfg = Debug|Any CPU
		{70CCD5CC-1F12-4B19-8A9D-5ADD76CCF7BC}.Debug|Any CPU.Build.0 = Debug|Any CPU
		{70CCD5CC-1F12-4B19-8A9D-5ADD76CCF7BC}.Release|Any CPU.ActiveCfg = Release|Any CPU
		{70CCD5CC-1F12-4B19-8A9D-5ADD76CCF7BC}.Release|Any CPU.Build.0 = Release|Any CPU
		{ECCDC25E-C4AB-4F70-9B2C-AEB3F578335A}.Debug|Any CPU.ActiveCfg = Debug|Any CPU
		{ECCDC25E-C4AB-4F70-9B2C-AEB3F578335A}.Debug|Any CPU.Build.0 = Debug|Any CPU
		{ECCDC25E-C4AB-4F70-9B2C-AEB3F578335A}.Release|Any CPU.ActiveCfg = Release|Any CPU
		{ECCDC25E-C4AB-4F70-9B2C-AEB3F578335A}.Release|Any CPU.Build.0 = Release|Any CPU
		{372C4062-E4DF-416E-B5CD-44C62D7B6302}.Debug|Any CPU.ActiveCfg = Debug|Any CPU
		{372C4062-E4DF-416E-B5CD-44C62D7B6302}.Debug|Any CPU.Build.0 = Debug|Any CPU
		{372C4062-E4DF-416E-B5CD-44C62D7B6302}.Release|Any CPU.ActiveCfg = Release|Any CPU
		{372C4062-E4DF-416E-B5CD-44C62D7B6302}.Release|Any CPU.Build.0 = Release|Any CPU
		{01729422-FD80-4366-9A17-3327CC494AF0}.Debug|Any CPU.ActiveCfg = Debug|Any CPU
		{01729422-FD80-4366-9A17-3327CC494AF0}.Debug|Any CPU.Build.0 = Debug|Any CPU
		{01729422-FD80-4366-9A17-3327CC494AF0}.Release|Any CPU.ActiveCfg = Release|Any CPU
		{01729422-FD80-4366-9A17-3327CC494AF0}.Release|Any CPU.Build.0 = Release|Any CPU
		{ED97D46D-8474-4678-8FE3-08D06851DD0D}.Debug|Any CPU.ActiveCfg = Debug|Any CPU
		{ED97D46D-8474-4678-8FE3-08D06851DD0D}.Debug|Any CPU.Build.0 = Debug|Any CPU
		{ED97D46D-8474-4678-8FE3-08D06851DD0D}.Release|Any CPU.ActiveCfg = Release|Any CPU
		{ED97D46D-8474-4678-8FE3-08D06851DD0D}.Release|Any CPU.Build.0 = Release|Any CPU
		{1926825A-8370-41B2-9944-08F664DE8C76}.Debug|Any CPU.ActiveCfg = Debug|Any CPU
		{1926825A-8370-41B2-9944-08F664DE8C76}.Debug|Any CPU.Build.0 = Debug|Any CPU
		{1926825A-8370-41B2-9944-08F664DE8C76}.Release|Any CPU.ActiveCfg = Release|Any CPU
		{1926825A-8370-41B2-9944-08F664DE8C76}.Release|Any CPU.Build.0 = Release|Any CPU
		{7A112B02-898D-44B3-ADEB-D602AF9DBE6B}.Debug|Any CPU.ActiveCfg = Debug|Any CPU
		{7A112B02-898D-44B3-ADEB-D602AF9DBE6B}.Debug|Any CPU.Build.0 = Debug|Any CPU
		{7A112B02-898D-44B3-ADEB-D602AF9DBE6B}.Release|Any CPU.ActiveCfg = Release|Any CPU
		{7A112B02-898D-44B3-ADEB-D602AF9DBE6B}.Release|Any CPU.Build.0 = Release|Any CPU
		{D719557B-6353-41DA-AEDA-A979BB564808}.Debug|Any CPU.ActiveCfg = Debug|Any CPU
		{D719557B-6353-41DA-AEDA-A979BB564808}.Debug|Any CPU.Build.0 = Debug|Any CPU
		{D719557B-6353-41DA-AEDA-A979BB564808}.Release|Any CPU.ActiveCfg = Release|Any CPU
		{D719557B-6353-41DA-AEDA-A979BB564808}.Release|Any CPU.Build.0 = Release|Any CPU
		{9CD02634-3910-4928-B558-91B2CEAA104F}.Debug|Any CPU.ActiveCfg = Debug|Any CPU
		{9CD02634-3910-4928-B558-91B2CEAA104F}.Debug|Any CPU.Build.0 = Debug|Any CPU
		{9CD02634-3910-4928-B558-91B2CEAA104F}.Release|Any CPU.ActiveCfg = Release|Any CPU
		{9CD02634-3910-4928-B558-91B2CEAA104F}.Release|Any CPU.Build.0 = Release|Any CPU
		{D18607F9-1515-4941-803C-4CE0DC3ADBA6}.Debug|Any CPU.ActiveCfg = Debug|Any CPU
		{D18607F9-1515-4941-803C-4CE0DC3ADBA6}.Debug|Any CPU.Build.0 = Debug|Any CPU
		{D18607F9-1515-4941-803C-4CE0DC3ADBA6}.Release|Any CPU.ActiveCfg = Release|Any CPU
		{D18607F9-1515-4941-803C-4CE0DC3ADBA6}.Release|Any CPU.Build.0 = Release|Any CPU
		{11FAC349-E449-47B6-BEC6-91E2ED14C829}.Debug|Any CPU.ActiveCfg = Debug|Any CPU
		{11FAC349-E449-47B6-BEC6-91E2ED14C829}.Debug|Any CPU.Build.0 = Debug|Any CPU
		{11FAC349-E449-47B6-BEC6-91E2ED14C829}.Release|Any CPU.ActiveCfg = Release|Any CPU
		{11FAC349-E449-47B6-BEC6-91E2ED14C829}.Release|Any CPU.Build.0 = Release|Any CPU
		{8FA4C687-E25C-4F06-8452-62995C197D3C}.Debug|Any CPU.ActiveCfg = Debug|Any CPU
		{8FA4C687-E25C-4F06-8452-62995C197D3C}.Debug|Any CPU.Build.0 = Debug|Any CPU
		{8FA4C687-E25C-4F06-8452-62995C197D3C}.Release|Any CPU.ActiveCfg = Release|Any CPU
		{8FA4C687-E25C-4F06-8452-62995C197D3C}.Release|Any CPU.Build.0 = Release|Any CPU
		{2F191CBD-3839-423E-AC87-D895B829FD7F}.Debug|Any CPU.ActiveCfg = Debug|Any CPU
		{2F191CBD-3839-423E-AC87-D895B829FD7F}.Debug|Any CPU.Build.0 = Debug|Any CPU
		{2F191CBD-3839-423E-AC87-D895B829FD7F}.Release|Any CPU.ActiveCfg = Release|Any CPU
		{2F191CBD-3839-423E-AC87-D895B829FD7F}.Release|Any CPU.Build.0 = Release|Any CPU
		{01326525-971E-42FE-A4A9-DC7FE570B3AE}.Debug|Any CPU.ActiveCfg = Debug|Any CPU
		{01326525-971E-42FE-A4A9-DC7FE570B3AE}.Debug|Any CPU.Build.0 = Debug|Any CPU
		{01326525-971E-42FE-A4A9-DC7FE570B3AE}.Release|Any CPU.ActiveCfg = Release|Any CPU
		{01326525-971E-42FE-A4A9-DC7FE570B3AE}.Release|Any CPU.Build.0 = Release|Any CPU
		{B32D8C7C-B7F1-4F4C-85CD-8B18960814B2}.Debug|Any CPU.ActiveCfg = Debug|Any CPU
		{B32D8C7C-B7F1-4F4C-85CD-8B18960814B2}.Debug|Any CPU.Build.0 = Debug|Any CPU
		{B32D8C7C-B7F1-4F4C-85CD-8B18960814B2}.Release|Any CPU.ActiveCfg = Release|Any CPU
		{B32D8C7C-B7F1-4F4C-85CD-8B18960814B2}.Release|Any CPU.Build.0 = Release|Any CPU
		{AAECE722-0313-4E63-BA68-84475583CB8D}.Debug|Any CPU.ActiveCfg = Debug|Any CPU
		{AAECE722-0313-4E63-BA68-84475583CB8D}.Debug|Any CPU.Build.0 = Debug|Any CPU
		{AAECE722-0313-4E63-BA68-84475583CB8D}.Release|Any CPU.ActiveCfg = Release|Any CPU
		{AAECE722-0313-4E63-BA68-84475583CB8D}.Release|Any CPU.Build.0 = Release|Any CPU
		{FF69C43C-E7BB-47F5-BB47-55F3D09A8CFE}.Debug|Any CPU.ActiveCfg = Debug|Any CPU
		{FF69C43C-E7BB-47F5-BB47-55F3D09A8CFE}.Debug|Any CPU.Build.0 = Debug|Any CPU
		{FF69C43C-E7BB-47F5-BB47-55F3D09A8CFE}.Release|Any CPU.ActiveCfg = Release|Any CPU
		{FF69C43C-E7BB-47F5-BB47-55F3D09A8CFE}.Release|Any CPU.Build.0 = Release|Any CPU
		{297F8A2F-EE81-49BD-B6EA-66364915E98C}.Debug|Any CPU.ActiveCfg = Debug|Any CPU
		{297F8A2F-EE81-49BD-B6EA-66364915E98C}.Debug|Any CPU.Build.0 = Debug|Any CPU
		{297F8A2F-EE81-49BD-B6EA-66364915E98C}.Release|Any CPU.ActiveCfg = Release|Any CPU
		{297F8A2F-EE81-49BD-B6EA-66364915E98C}.Release|Any CPU.Build.0 = Release|Any CPU
		{8A5D2BD9-8F72-4D52-B727-BF45E10D4CDC}.Debug|Any CPU.ActiveCfg = Debug|Any CPU
		{8A5D2BD9-8F72-4D52-B727-BF45E10D4CDC}.Debug|Any CPU.Build.0 = Debug|Any CPU
		{8A5D2BD9-8F72-4D52-B727-BF45E10D4CDC}.Release|Any CPU.ActiveCfg = Release|Any CPU
		{8A5D2BD9-8F72-4D52-B727-BF45E10D4CDC}.Release|Any CPU.Build.0 = Release|Any CPU
		{8FA56B60-8D5B-45A2-BD32-A1CBF13617F2}.Debug|Any CPU.ActiveCfg = Debug|Any CPU
		{8FA56B60-8D5B-45A2-BD32-A1CBF13617F2}.Debug|Any CPU.Build.0 = Debug|Any CPU
		{8FA56B60-8D5B-45A2-BD32-A1CBF13617F2}.Release|Any CPU.ActiveCfg = Release|Any CPU
		{8FA56B60-8D5B-45A2-BD32-A1CBF13617F2}.Release|Any CPU.Build.0 = Release|Any CPU
	EndGlobalSection
	GlobalSection(NestedProjects) = preSolution
		{6BCD1A92-90F5-45A5-8F42-CC8C1E6F18CA} = {57EB4B55-734B-4044-9C6A-A40563387B22}
		{7C62AD3C-1990-46AD-87D8-58175B4D068A} = {57EB4B55-734B-4044-9C6A-A40563387B22}
		{F62C90F5-2A13-4BEE-A3B2-26DF9864362A} = {57EB4B55-734B-4044-9C6A-A40563387B22}
		{70CCD5CC-1F12-4B19-8A9D-5ADD76CCF7BC} = {57EB4B55-734B-4044-9C6A-A40563387B22}
		{ECCDC25E-C4AB-4F70-9B2C-AEB3F578335A} = {24403F84-45F5-4C25-9FED-4077760E233D}
		{372C4062-E4DF-416E-B5CD-44C62D7B6302} = {24403F84-45F5-4C25-9FED-4077760E233D}
		{01729422-FD80-4366-9A17-3327CC494AF0} = {24403F84-45F5-4C25-9FED-4077760E233D}
		{ED97D46D-8474-4678-8FE3-08D06851DD0D} = {7DBB6E4F-626F-417B-AE08-609BB8D85671}
		{1926825A-8370-41B2-9944-08F664DE8C76} = {7DBB6E4F-626F-417B-AE08-609BB8D85671}
		{7A112B02-898D-44B3-ADEB-D602AF9DBE6B} = {7DBB6E4F-626F-417B-AE08-609BB8D85671}
		{D719557B-6353-41DA-AEDA-A979BB564808} = {8E091E3E-349C-4BAE-8773-6106FF2D996E}
		{9CD02634-3910-4928-B558-91B2CEAA104F} = {2E4F00F0-7A52-4ABD-9BBE-6668B846766A}
		{D18607F9-1515-4941-803C-4CE0DC3ADBA6} = {2E4F00F0-7A52-4ABD-9BBE-6668B846766A}
		{11FAC349-E449-47B6-BEC6-91E2ED14C829} = {2E4F00F0-7A52-4ABD-9BBE-6668B846766A}
		{8FA4C687-E25C-4F06-8452-62995C197D3C} = {2E4F00F0-7A52-4ABD-9BBE-6668B846766A}
		{2F191CBD-3839-423E-AC87-D895B829FD7F} = {2E4F00F0-7A52-4ABD-9BBE-6668B846766A}
		{01326525-971E-42FE-A4A9-DC7FE570B3AE} = {4DFA7602-DC6C-4E26-BB3A-EDCF4F46A0B6}
		{B32D8C7C-B7F1-4F4C-85CD-8B18960814B2} = {4DFA7602-DC6C-4E26-BB3A-EDCF4F46A0B6}
		{AAECE722-0313-4E63-BA68-84475583CB8D} = {4DFA7602-DC6C-4E26-BB3A-EDCF4F46A0B6}
		{FF69C43C-E7BB-47F5-BB47-55F3D09A8CFE} = {4DFA7602-DC6C-4E26-BB3A-EDCF4F46A0B6}
		{297F8A2F-EE81-49BD-B6EA-66364915E98C} = {4DFA7602-DC6C-4E26-BB3A-EDCF4F46A0B6}
		{8A5D2BD9-8F72-4D52-B727-BF45E10D4CDC} = {39AA3894-50D8-4AA3-B70F-462DFEC17724}
		{8FA56B60-8D5B-45A2-BD32-A1CBF13617F2} = {39AA3894-50D8-4AA3-B70F-462DFEC17724}
	EndGlobalSection
EndGlobal
